// !$*UTF8*$!
{
	archiveVersion = 1;
	classes = {
	};
	objectVersion = 50;
	objects = {

/* Begin PBXBuildFile section */
		905D3788226FE312003EA133 /* AppDelegate.swift in Sources */ = {isa = PBXBuildFile; fileRef = 905D3787226FE312003EA133 /* AppDelegate.swift */; };
		905D378A226FE312003EA133 /* ViewController.swift in Sources */ = {isa = PBXBuildFile; fileRef = 905D3789226FE312003EA133 /* ViewController.swift */; };
		905D378D226FE312003EA133 /* Main.storyboard in Resources */ = {isa = PBXBuildFile; fileRef = 905D378B226FE312003EA133 /* Main.storyboard */; };
		905D378F226FE314003EA133 /* Assets.xcassets in Resources */ = {isa = PBXBuildFile; fileRef = 905D378E226FE314003EA133 /* Assets.xcassets */; };
		905D3792226FE314003EA133 /* LaunchScreen.storyboard in Resources */ = {isa = PBXBuildFile; fileRef = 905D3790226FE314003EA133 /* LaunchScreen.storyboard */; };
		905D379A226FE48B003EA133 /* QuizViewController.swift in Sources */ = {isa = PBXBuildFile; fileRef = 905D3799226FE48B003EA133 /* QuizViewController.swift */; };
		90D7DD4222711B8B007DF26A /* GradientView.swift in Sources */ = {isa = PBXBuildFile; fileRef = 90D7DD4122711B8B007DF26A /* GradientView.swift */; };
		90D7DD4422712020007DF26A /* ResultViewController.swift in Sources */ = {isa = PBXBuildFile; fileRef = 90D7DD4322712020007DF26A /* ResultViewController.swift */; };
/* End PBXBuildFile section */

/* Begin PBXFileReference section */
		905D3784226FE312003EA133 /* FactAttack.app */ = {isa = PBXFileReference; explicitFileType = wrapper.application; includeInIndex = 0; path = FactAttack.app; sourceTree = BUILT_PRODUCTS_DIR; };
		905D3787226FE312003EA133 /* AppDelegate.swift */ = {isa = PBXFileReference; lastKnownFileType = sourcecode.swift; path = AppDelegate.swift; sourceTree = "<group>"; };
		905D3789226FE312003EA133 /* ViewController.swift */ = {isa = PBXFileReference; lastKnownFileType = sourcecode.swift; path = ViewController.swift; sourceTree = "<group>"; };
		905D378C226FE312003EA133 /* Base */ = {isa = PBXFileReference; lastKnownFileType = file.storyboard; name = Base; path = Base.lproj/Main.storyboard; sourceTree = "<group>"; };
		905D378E226FE314003EA133 /* Assets.xcassets */ = {isa = PBXFileReference; lastKnownFileType = folder.assetcatalog; path = Assets.xcassets; sourceTree = "<group>"; };
		905D3791226FE314003EA133 /* Base */ = {isa = PBXFileReference; lastKnownFileType = file.storyboard; name = Base; path = Base.lproj/LaunchScreen.storyboard; sourceTree = "<group>"; };
		905D3793226FE314003EA133 /* Info.plist */ = {isa = PBXFileReference; lastKnownFileType = text.plist.xml; path = Info.plist; sourceTree = "<group>"; };
		905D3799226FE48B003EA133 /* QuizViewController.swift */ = {isa = PBXFileReference; lastKnownFileType = sourcecode.swift; path = QuizViewController.swift; sourceTree = "<group>"; };
		90D7DD4122711B8B007DF26A /* GradientView.swift */ = {isa = PBXFileReference; lastKnownFileType = sourcecode.swift; path = GradientView.swift; sourceTree = "<group>"; };
		90D7DD4322712020007DF26A /* ResultViewController.swift */ = {isa = PBXFileReference; lastKnownFileType = sourcecode.swift; path = ResultViewController.swift; sourceTree = "<group>"; };
/* End PBXFileReference section */

/* Begin PBXFrameworksBuildPhase section */
		905D3781226FE312003EA133 /* Frameworks */ = {
			isa = PBXFrameworksBuildPhase;
			buildActionMask = 2147483647;
			files = (
			);
			runOnlyForDeploymentPostprocessing = 0;
		};
/* End PBXFrameworksBuildPhase section */

/* Begin PBXGroup section */
		905D377B226FE312003EA133 = {
			isa = PBXGroup;
			children = (
				905D3786226FE312003EA133 /* FactAttack */,
				905D3785226FE312003EA133 /* Products */,
			);
			sourceTree = "<group>";
		};
		905D3785226FE312003EA133 /* Products */ = {
			isa = PBXGroup;
			children = (
				905D3784226FE312003EA133 /* FactAttack.app */,
			);
			name = Products;
			sourceTree = "<group>";
		};
		905D3786226FE312003EA133 /* FactAttack */ = {
			isa = PBXGroup;
			children = (
				905D3787226FE312003EA133 /* AppDelegate.swift */,
				905D3789226FE312003EA133 /* ViewController.swift */,
				905D3799226FE48B003EA133 /* QuizViewController.swift */,
				905D378B226FE312003EA133 /* Main.storyboard */,
				90D7DD4322712020007DF26A /* ResultViewController.swift */,
				90D7DD4122711B8B007DF26A /* GradientView.swift */,
				905D378E226FE314003EA133 /* Assets.xcassets */,
				905D3790226FE314003EA133 /* LaunchScreen.storyboard */,
				905D3793226FE314003EA133 /* Info.plist */,
			);
			path = FactAttack;
			sourceTree = "<group>";
		};
/* End PBXGroup section */

/* Begin PBXNativeTarget section */
		905D3783226FE312003EA133 /* FactAttack */ = {
			isa = PBXNativeTarget;
			buildConfigurationList = 905D3796226FE314003EA133 /* Build configuration list for PBXNativeTarget "FactAttack" */;
			buildPhases = (
				905D3780226FE312003EA133 /* Sources */,
				905D3781226FE312003EA133 /* Frameworks */,
				905D3782226FE312003EA133 /* Resources */,
			);
			buildRules = (
			);
			dependencies = (
			);
			name = FactAttack;
			productName = FactAttack;
			productReference = 905D3784226FE312003EA133 /* FactAttack.app */;
			productType = "com.apple.product-type.application";
		};
/* End PBXNativeTarget section */

/* Begin PBXProject section */
		905D377C226FE312003EA133 /* Project object */ = {
			isa = PBXProject;
			attributes = {
				LastSwiftUpdateCheck = 1020;
				LastUpgradeCheck = 1020;
				ORGANIZATIONNAME = "Ramesh Shrestha";
				TargetAttributes = {
					905D3783226FE312003EA133 = {
						CreatedOnToolsVersion = 10.2.1;
					};
				};
			};
			buildConfigurationList = 905D377F226FE312003EA133 /* Build configuration list for PBXProject "FactAttack" */;
			compatibilityVersion = "Xcode 9.3";
			developmentRegion = en;
			hasScannedForEncodings = 0;
			knownRegions = (
				en,
				Base,
			);
			mainGroup = 905D377B226FE312003EA133;
			productRefGroup = 905D3785226FE312003EA133 /* Products */;
			projectDirPath = "";
			projectRoot = "";
			targets = (
				905D3783226FE312003EA133 /* FactAttack */,
			);
		};
/* End PBXProject section */

/* Begin PBXResourcesBuildPhase section */
		905D3782226FE312003EA133 /* Resources */ = {
			isa = PBXResourcesBuildPhase;
			buildActionMask = 2147483647;
			files = (
				905D3792226FE314003EA133 /* LaunchScreen.storyboard in Resources */,
				905D378F226FE314003EA133 /* Assets.xcassets in Resources */,
				905D378D226FE312003EA133 /* Main.storyboard in Resources */,
			);
			runOnlyForDeploymentPostprocessing = 0;
		};
/* End PBXResourcesBuildPhase section */

/* Begin PBXSourcesBuildPhase section */
		905D3780226FE312003EA133 /* Sources */ = {
			isa = PBXSourcesBuildPhase;
			buildActionMask = 2147483647;
			files = (
				90D7DD4422712020007DF26A /* ResultViewController.swift in Sources */,
				905D379A226FE48B003EA133 /* QuizViewController.swift in Sources */,
				905D378A226FE312003EA133 /* ViewController.swift in Sources */,
				90D7DD4222711B8B007DF26A /* GradientView.swift in Sources */,
				905D3788226FE312003EA133 /* AppDelegate.swift in Sources */,
			);
			runOnlyForDeploymentPostprocessing = 0;
		};
/* End PBXSourcesBuildPhase section */

/* Begin PBXVariantGroup section */
		905D378B226FE312003EA133 /* Main.storyboard */ = {
			isa = PBXVariantGroup;
			children = (
				905D378C226FE312003EA133 /* Base */,
			);
			name = Main.storyboard;
			sourceTree = "<group>";
		};
		905D3790226FE314003EA133 /* LaunchScreen.storyboard */ = {
			isa = PBXVariantGroup;
			children = (
				905D3791226FE314003EA133 /* Base */,
			);
			name = LaunchScreen.storyboard;
			sourceTree = "<group>";
		};
/* End PBXVariantGroup section */

/* Begin XCBuildConfiguration section */
		905D3794226FE314003EA133 /* Debug */ = {
			isa = XCBuildConfiguration;
			buildSettings = {
				ALWAYS_SEARCH_USER_PATHS = NO;
				CLANG_ANALYZER_NONNULL = YES;
				CLANG_ANALYZER_NUMBER_OBJECT_CONVERSION = YES_AGGRESSIVE;
				CLANG_CXX_LANGUAGE_STANDARD = "gnu++14";
				CLANG_CXX_LIBRARY = "libc++";
				CLANG_ENABLE_MODULES = YES;
				CLANG_ENABLE_OBJC_ARC = YES;
				CLANG_ENABLE_OBJC_WEAK = YES;
				CLANG_WARN_BLOCK_CAPTURE_AUTORELEASING = YES;
				CLANG_WARN_BOOL_CONVERSION = YES;
				CLANG_WARN_COMMA = YES;
				CLANG_WARN_CONSTANT_CONVERSION = YES;
				CLANG_WARN_DEPRECATED_OBJC_IMPLEMENTATIONS = YES;
				CLANG_WARN_DIRECT_OBJC_ISA_USAGE = YES_ERROR;
				CLANG_WARN_DOCUMENTATION_COMMENTS = YES;
				CLANG_WARN_EMPTY_BODY = YES;
				CLANG_WARN_ENUM_CONVERSION = YES;
				CLANG_WARN_INFINITE_RECURSION = YES;
				CLANG_WARN_INT_CONVERSION = YES;
				CLANG_WARN_NON_LITERAL_NULL_CONVERSION = YES;
				CLANG_WARN_OBJC_IMPLICIT_RETAIN_SELF = YES;
				CLANG_WARN_OBJC_LITERAL_CONVERSION = YES;
				CLANG_WARN_OBJC_ROOT_CLASS = YES_ERROR;
				CLANG_WARN_RANGE_LOOP_ANALYSIS = YES;
				CLANG_WARN_STRICT_PROTOTYPES = YES;
				CLANG_WARN_SUSPICIOUS_MOVE = YES;
				CLANG_WARN_UNGUARDED_AVAILABILITY = YES_AGGRESSIVE;
				CLANG_WARN_UNREACHABLE_CODE = YES;
				CLANG_WARN__DUPLICATE_METHOD_MATCH = YES;
				CODE_SIGN_IDENTITY = "iPhone Developer";
				COPY_PHASE_STRIP = NO;
				DEBUG_INFORMATION_FORMAT = dwarf;
				ENABLE_STRICT_OBJC_MSGSEND = YES;
				ENABLE_TESTABILITY = YES;
				GCC_C_LANGUAGE_STANDARD = gnu11;
				GCC_DYNAMIC_NO_PIC = NO;
				GCC_NO_COMMON_BLOCKS = YES;
				GCC_OPTIMIZATION_LEVEL = 0;
				GCC_PREPROCESSOR_DEFINITIONS = (
					"DEBUG=1",
					"$(inherited)",
				);
				GCC_WARN_64_TO_32_BIT_CONVERSION = YES;
				GCC_WARN_ABOUT_RETURN_TYPE = YES_ERROR;
				GCC_WARN_UNDECLARED_SELECTOR = YES;
				GCC_WARN_UNINITIALIZED_AUTOS = YES_AGGRESSIVE;
				GCC_WARN_UNUSED_FUNCTION = YES;
				GCC_WARN_UNUSED_VARIABLE = YES;
				IPHONEOS_DEPLOYMENT_TARGET = 12.2;
				MTL_ENABLE_DEBUG_INFO = INCLUDE_SOURCE;
				MTL_FAST_MATH = YES;
				ONLY_ACTIVE_ARCH = YES;
				SDKROOT = iphoneos;
				SWIFT_ACTIVE_COMPILATION_CONDITIONS = DEBUG;
				SWIFT_OPTIMIZATION_LEVEL = "-Onone";
			};
			name = Debug;
		};
		905D3795226FE314003EA133 /* Release */ = {
			isa = XCBuildConfiguration;
			buildSettings = {
				ALWAYS_SEARCH_USER_PATHS = NO;
				CLANG_ANALYZER_NONNULL = YES;
				CLANG_ANALYZER_NUMBER_OBJECT_CONVERSION = YES_AGGRESSIVE;
				CLANG_CXX_LANGUAGE_STANDARD = "gnu++14";
				CLANG_CXX_LIBRARY = "libc++";
				CLANG_ENABLE_MODULES = YES;
				CLANG_ENABLE_OBJC_ARC = YES;
				CLANG_ENABLE_OBJC_WEAK = YES;
				CLANG_WARN_BLOCK_CAPTURE_AUTORELEASING = YES;
				CLANG_WARN_BOOL_CONVERSION = YES;
				CLANG_WARN_COMMA = YES;
				CLANG_WARN_CONSTANT_CONVERSION = YES;
				CLANG_WARN_DEPRECATED_OBJC_IMPLEMENTATIONS = YES;
				CLANG_WARN_DIRECT_OBJC_ISA_USAGE = YES_ERROR;
				CLANG_WARN_DOCUMENTATION_COMMENTS = YES;
				CLANG_WARN_EMPTY_BODY = YES;
				CLANG_WARN_ENUM_CONVERSION = YES;
				CLANG_WARN_INFINITE_RECURSION = YES;
				CLANG_WARN_INT_CONVERSION = YES;
				CLANG_WARN_NON_LITERAL_NULL_CONVERSION = YES;
				CLANG_WARN_OBJC_IMPLICIT_RETAIN_SELF = YES;
				CLANG_WARN_OBJC_LITERAL_CONVERSION = YES;
				CLANG_WARN_OBJC_ROOT_CLASS = YES_ERROR;
				CLANG_WARN_RANGE_LOOP_ANALYSIS = YES;
				CLANG_WARN_STRICT_PROTOTYPES = YES;
				CLANG_WARN_SUSPICIOUS_MOVE = YES;
				CLANG_WARN_UNGUARDED_AVAILABILITY = YES_AGGRESSIVE;
				CLANG_WARN_UNREACHABLE_CODE = YES;
				CLANG_WARN__DUPLICATE_METHOD_MATCH = YES;
				CODE_SIGN_IDENTITY = "iPhone Developer";
				COPY_PHASE_STRIP = NO;
				DEBUG_INFORMATION_FORMAT = "dwarf-with-dsym";
				ENABLE_NS_ASSERTIONS = NO;
				ENABLE_STRICT_OBJC_MSGSEND = YES;
				GCC_C_LANGUAGE_STANDARD = gnu11;
				GCC_NO_COMMON_BLOCKS = YES;
				GCC_WARN_64_TO_32_BIT_CONVERSION = YES;
				GCC_WARN_ABOUT_RETURN_TYPE = YES_ERROR;
				GCC_WARN_UNDECLARED_SELECTOR = YES;
				GCC_WARN_UNINITIALIZED_AUTOS = YES_AGGRESSIVE;
				GCC_WARN_UNUSED_FUNCTION = YES;
				GCC_WARN_UNUSED_VARIABLE = YES;
				IPHONEOS_DEPLOYMENT_TARGET = 12.2;
				MTL_ENABLE_DEBUG_INFO = NO;
				MTL_FAST_MATH = YES;
				SDKROOT = iphoneos;
				SWIFT_COMPILATION_MODE = wholemodule;
				SWIFT_OPTIMIZATION_LEVEL = "-O";
				VALIDATE_PRODUCT = YES;
			};
			name = Release;
		};
		905D3797226FE314003EA133 /* Debug */ = {
			isa = XCBuildConfiguration;
			buildSettings = {
				ASSETCATALOG_COMPILER_APPICON_NAME = AppIcon;
				CODE_SIGN_STYLE = Automatic;
				DEVELOPMENT_TEAM = 863S88XKP3;
				INFOPLIST_FILE = FactAttack/Info.plist;
				LD_RUNPATH_SEARCH_PATHS = (
					"$(inherited)",
					"@executable_path/Frameworks",
				);
				PRODUCT_BUNDLE_IDENTIFIER = com.shrestha.FactAttack;
				PRODUCT_NAME = "$(TARGET_NAME)";
				SWIFT_VERSION = 5.0;
				TARGETED_DEVICE_FAMILY = "1,2";
			};
			name = Debug;
		};
		905D3798226FE314003EA133 /* Release */ = {
			isa = XCBuildConfiguration;
			buildSettings = {
				ASSETCATALOG_COMPILER_APPICON_NAME = AppIcon;
				CODE_SIGN_STYLE = Automatic;
				DEVELOPMENT_TEAM = 863S88XKP3;
				INFOPLIST_FILE = FactAttack/Info.plist;
				LD_RUNPATH_SEARCH_PATHS = (
					"$(inherited)",
					"@executable_path/Frameworks",
				);
				PRODUCT_BUNDLE_IDENTIFIER = com.shrestha.FactAttack;
				PRODUCT_NAME = "$(TARGET_NAME)";
				SWIFT_VERSION = 5.0;
				TARGETED_DEVICE_FAMILY = "1,2";
			};
			name = Release;
		};
/* End XCBuildConfiguration section */

/* Begin XCConfigurationList section */
		905D377F226FE312003EA133 /* Build configuration list for PBXProject "FactAttack" */ = {
			isa = XCConfigurationList;
			buildConfigurations = (
				905D3794226FE314003EA133 /* Debug */,
				905D3795226FE314003EA133 /* Release */,
			);
			defaultConfigurationIsVisible = 0;
			defaultConfigurationName = Release;
		};
		905D3796226FE314003EA133 /* Build configuration list for PBXNativeTarget "FactAttack" */ = {
			isa = XCConfigurationList;
			buildConfigurations = (
				905D3797226FE314003EA133 /* Debug */,
				905D3798226FE314003EA133 /* Release */,
			);
			defaultConfigurationIsVisible = 0;
			defaultConfigurationName = Release;
		};
/* End XCConfigurationList section */
	};
	rootObject = 905D377C226FE312003EA133 /* Project object */;
}
